
Microsoft Visual Studio Solution File, Format Version 12.00
# Visual Studio Version 17
VisualStudioVersion = 17.7.34031.279
MinimumVisualStudioVersion = 10.0.40219.1
Project("{FAE04EC0-301F-11D3-BF4B-00C04F79EFBC}") = "PlaningPokerClient", "PlaningPokerClient\PlaningPokerClient.csproj", "{CE200C44-580D-4699-A99C-D7B31F5844E2}"
EndProject
Global
	GlobalSection(SolutionConfigurationPlatforms) = preSolution
		Debug|Any CPU = Debug|Any CPU
		Release|Any CPU = Release|Any CPU
	EndGlobalSection
	GlobalSection(ProjectConfigurationPlatforms) = postSolution
		{CE200C44-580D-4699-A99C-D7B31F5844E2}.Debug|Any CPU.ActiveCfg = Debug|Any CPU
		{CE200C44-580D-4699-A99C-D7B31F5844E2}.Debug|Any CPU.Build.0 = Debug|Any CPU
		{CE200C44-580D-4699-A99C-D7B31F5844E2}.Release|Any CPU.ActiveCfg = Release|Any CPU
		{CE200C44-580D-4699-A99C-D7B31F5844E2}.Release|Any CPU.Build.0 = Release|Any CPU
	EndGlobalSection
	GlobalSection(SolutionProperties) = preSolution
		HideSolutionNode = FALSE
	EndGlobalSection
	GlobalSection(ExtensibilityGlobals) = postSolution
		SolutionGuid = {AAC57897-A40B-4264-BE09-9DAA02B4E412}
	EndGlobalSection
EndGlobal
